
Microsoft Visual Studio Solution File, Format Version 12.00
# Visual Studio 15
VisualStudioVersion = 15.0.28307.438
MinimumVisualStudioVersion = 10.0.40219.1
Project("{9A19103F-16F7-4668-BE54-9A1E7A4F7556}") = "FundooNotes", "FundooNotes\FundooNotes.csproj", "{9C033D06-426B-4A6C-A2C0-1B3CA3832097}"
EndProject
Project("{9A19103F-16F7-4668-BE54-9A1E7A4F7556}") = "FundooData", "FundooData\FundooData.csproj", "{96221C7D-FD20-4992-B160-16459D092960}"
EndProject
Project("{FAE04EC0-301F-11D3-BF4B-00C04F79EFBC}") = "Testing", "Testing\Testing.csproj", "{52B7C00A-3DB5-4003-ABE1-22D8EFAFD979}"
EndProject
Global
	GlobalSection(SolutionConfigurationPlatforms) = preSolution
		Debug|Any CPU = Debug|Any CPU
		Release|Any CPU = Release|Any CPU
	EndGlobalSection
	GlobalSection(ProjectConfigurationPlatforms) = postSolution
		{9C033D06-426B-4A6C-A2C0-1B3CA3832097}.Debug|Any CPU.ActiveCfg = Debug|Any CPU
		{9C033D06-426B-4A6C-A2C0-1B3CA3832097}.Debug|Any CPU.Build.0 = Debug|Any CPU
		{9C033D06-426B-4A6C-A2C0-1B3CA3832097}.Release|Any CPU.ActiveCfg = Release|Any CPU
		{9C033D06-426B-4A6C-A2C0-1B3CA3832097}.Release|Any CPU.Build.0 = Release|Any CPU
		{96221C7D-FD20-4992-B160-16459D092960}.Debug|Any CPU.ActiveCfg = Debug|Any CPU
		{96221C7D-FD20-4992-B160-16459D092960}.Debug|Any CPU.Build.0 = Debug|Any CPU
		{96221C7D-FD20-4992-B160-16459D092960}.Release|Any CPU.ActiveCfg = Release|Any CPU
		{96221C7D-FD20-4992-B160-16459D092960}.Release|Any CPU.Build.0 = Release|Any CPU
		{52B7C00A-3DB5-4003-ABE1-22D8EFAFD979}.Debug|Any CPU.ActiveCfg = Debug|Any CPU
		{52B7C00A-3DB5-4003-ABE1-22D8EFAFD979}.Debug|Any CPU.Build.0 = Debug|Any CPU
		{52B7C00A-3DB5-4003-ABE1-22D8EFAFD979}.Release|Any CPU.ActiveCfg = Release|Any CPU
		{52B7C00A-3DB5-4003-ABE1-22D8EFAFD979}.Release|Any CPU.Build.0 = Release|Any CPU
	EndGlobalSection
	GlobalSection(SolutionProperties) = preSolution
		HideSolutionNode = FALSE
	EndGlobalSection
	GlobalSection(ExtensibilityGlobals) = postSolution
		SolutionGuid = {7B7DF47D-3B14-4E1B-A0FC-D0823DE6214A}
	EndGlobalSection
EndGlobal
